
Microsoft Visual Studio Solution File, Format Version 12.00
# Visual Studio Version 17
VisualStudioVersion = 17.2.32427.441
MinimumVisualStudioVersion = 10.0.40219.1
Project("{2150E333-8FDC-42A3-9474-1A3956D46DE8}") = "App", "App", "{4F20FF94-304F-48E5-A8D5-A93FE4D2692C}"
EndProject
Project("{9A19103F-16F7-4668-BE54-9A1E7A4F7556}") = "WinEventLog.Exporter", "WinEventLog.Exporter\WinEventLog.Exporter.csproj", "{9E1B9A50-BA70-46AB-B67E-BCAA19058E18}"
EndProject
Global
	GlobalSection(SolutionConfigurationPlatforms) = preSolution
		Debug|Any CPU = Debug|Any CPU
		Release|Any CPU = Release|Any CPU
	EndGlobalSection
	GlobalSection(ProjectConfigurationPlatforms) = postSolution
		{9E1B9A50-BA70-46AB-B67E-BCAA19058E18}.Debug|Any CPU.ActiveCfg = Debug|Any CPU
		{9E1B9A50-BA70-46AB-B67E-BCAA19058E18}.Debug|Any CPU.Build.0 = Debug|Any CPU
		{9E1B9A50-BA70-46AB-B67E-BCAA19058E18}.Release|Any CPU.ActiveCfg = Release|Any CPU
		{9E1B9A50-BA70-46AB-B67E-BCAA19058E18}.Release|Any CPU.Build.0 = Release|Any CPU
	EndGlobalSection
	GlobalSection(SolutionProperties) = preSolution
		HideSolutionNode = FALSE
	EndGlobalSection
	GlobalSection(NestedProjects) = preSolution
		{9E1B9A50-BA70-46AB-B67E-BCAA19058E18} = {4F20FF94-304F-48E5-A8D5-A93FE4D2692C}
	EndGlobalSection
	GlobalSection(ExtensibilityGlobals) = postSolution
		SolutionGuid = {00A5F4EC-2BAD-4E95-ABDD-57DB89EC4DA7}
	EndGlobalSection
EndGlobal
